// !$*UTF8*$!
{
	archiveVersion = 1;
	classes = {
	};
	objectVersion = 56;
	objects = {

/* Begin PBXBuildFile section */
		D94EDA6729FFF75D009D8486 /* NetworkUtility.swift in Sources */ = {isa = PBXBuildFile; fileRef = D94EDA6629FFF75D009D8486 /* NetworkUtility.swift */; };
		D94EDA6929FFFE12009D8486 /* AuthService.swift in Sources */ = {isa = PBXBuildFile; fileRef = D94EDA6829FFFE12009D8486 /* AuthService.swift */; };
		D94EDA6B29FFFE40009D8486 /* TaskService.swift in Sources */ = {isa = PBXBuildFile; fileRef = D94EDA6A29FFFE40009D8486 /* TaskService.swift */; };
		D94EDA6E2A005884009D8486 /* TaskItem+CoreDataClass.swift in Sources */ = {isa = PBXBuildFile; fileRef = D94EDA6C2A005883009D8486 /* TaskItem+CoreDataClass.swift */; };
		D94EDA6F2A005884009D8486 /* TaskItem+CoreDataProperties.swift in Sources */ = {isa = PBXBuildFile; fileRef = D94EDA6D2A005884009D8486 /* TaskItem+CoreDataProperties.swift */; };
		D98BC83829FAB575005D15C2 /* AppDelegate.swift in Sources */ = {isa = PBXBuildFile; fileRef = D98BC83729FAB575005D15C2 /* AppDelegate.swift */; };
		D98BC83A29FAB575005D15C2 /* SceneDelegate.swift in Sources */ = {isa = PBXBuildFile; fileRef = D98BC83929FAB575005D15C2 /* SceneDelegate.swift */; };
		D98BC83C29FAB575005D15C2 /* ViewController.swift in Sources */ = {isa = PBXBuildFile; fileRef = D98BC83B29FAB575005D15C2 /* ViewController.swift */; };
		D98BC83F29FAB575005D15C2 /* Main.storyboard in Resources */ = {isa = PBXBuildFile; fileRef = D98BC83D29FAB575005D15C2 /* Main.storyboard */; };
		D98BC84229FAB575005D15C2 /* ios.xcdatamodeld in Sources */ = {isa = PBXBuildFile; fileRef = D98BC84029FAB575005D15C2 /* ios.xcdatamodeld */; };
		D98BC84429FAB578005D15C2 /* Assets.xcassets in Resources */ = {isa = PBXBuildFile; fileRef = D98BC84329FAB578005D15C2 /* Assets.xcassets */; };
		D98BC84729FAB578005D15C2 /* LaunchScreen.storyboard in Resources */ = {isa = PBXBuildFile; fileRef = D98BC84529FAB578005D15C2 /* LaunchScreen.storyboard */; };
		D98BC85229FAB579005D15C2 /* iosTests.swift in Sources */ = {isa = PBXBuildFile; fileRef = D98BC85129FAB579005D15C2 /* iosTests.swift */; };
		D98BC85C29FAB579005D15C2 /* iosUITests.swift in Sources */ = {isa = PBXBuildFile; fileRef = D98BC85B29FAB579005D15C2 /* iosUITests.swift */; };
		D98BC85E29FAB579005D15C2 /* iosUITestsLaunchTests.swift in Sources */ = {isa = PBXBuildFile; fileRef = D98BC85D29FAB579005D15C2 /* iosUITestsLaunchTests.swift */; };
		D98BC87429FAB767005D15C2 /* User.swift in Sources */ = {isa = PBXBuildFile; fileRef = D98BC87329FAB767005D15C2 /* User.swift */; };
		D98BC87629FAB771005D15C2 /* Task.swift in Sources */ = {isa = PBXBuildFile; fileRef = D98BC87529FAB771005D15C2 /* Task.swift */; };
		D98BC87A29FB0F6D005D15C2 /* NetworkManager.swift in Sources */ = {isa = PBXBuildFile; fileRef = D98BC87929FB0F6D005D15C2 /* NetworkManager.swift */; };
		D98BC87D29FB119D005D15C2 /* Alamofire in Frameworks */ = {isa = PBXBuildFile; productRef = D98BC87C29FB119D005D15C2 /* Alamofire */; };
		D9A421ED2A015AE8002E1045 /* CoreDataManager.swift in Sources */ = {isa = PBXBuildFile; fileRef = D9A421EC2A015AE8002E1045 /* CoreDataManager.swift */; };
		D9BFD60129FC31F2006D28AF /* ErrorMessage.swift in Sources */ = {isa = PBXBuildFile; fileRef = D9BFD60029FC31F2006D28AF /* ErrorMessage.swift */; };
/* End PBXBuildFile section */

/* Begin PBXContainerItemProxy section */
		D98BC84E29FAB579005D15C2 /* PBXContainerItemProxy */ = {
			isa = PBXContainerItemProxy;
			containerPortal = D98BC82C29FAB575005D15C2 /* Project object */;
			proxyType = 1;
			remoteGlobalIDString = D98BC83329FAB575005D15C2;
			remoteInfo = ios;
		};
		D98BC85829FAB579005D15C2 /* PBXContainerItemProxy */ = {
			isa = PBXContainerItemProxy;
			containerPortal = D98BC82C29FAB575005D15C2 /* Project object */;
			proxyType = 1;
			remoteGlobalIDString = D98BC83329FAB575005D15C2;
			remoteInfo = ios;
		};
/* End PBXContainerItemProxy section */

/* Begin PBXFileReference section */
		D94EDA6629FFF75D009D8486 /* NetworkUtility.swift */ = {isa = PBXFileReference; lastKnownFileType = sourcecode.swift; path = NetworkUtility.swift; sourceTree = "<group>"; };
		D94EDA6829FFFE12009D8486 /* AuthService.swift */ = {isa = PBXFileReference; lastKnownFileType = sourcecode.swift; path = AuthService.swift; sourceTree = "<group>"; };
		D94EDA6A29FFFE40009D8486 /* TaskService.swift */ = {isa = PBXFileReference; lastKnownFileType = sourcecode.swift; path = TaskService.swift; sourceTree = "<group>"; };
		D94EDA6C2A005883009D8486 /* TaskItem+CoreDataClass.swift */ = {isa = PBXFileReference; lastKnownFileType = sourcecode.swift; path = "TaskItem+CoreDataClass.swift"; sourceTree = "<group>"; };
		D94EDA6D2A005884009D8486 /* TaskItem+CoreDataProperties.swift */ = {isa = PBXFileReference; lastKnownFileType = sourcecode.swift; path = "TaskItem+CoreDataProperties.swift"; sourceTree = "<group>"; };
		D98BC83429FAB575005D15C2 /* ios.app */ = {isa = PBXFileReference; explicitFileType = wrapper.application; includeInIndex = 0; path = ios.app; sourceTree = BUILT_PRODUCTS_DIR; };
		D98BC83729FAB575005D15C2 /* AppDelegate.swift */ = {isa = PBXFileReference; lastKnownFileType = sourcecode.swift; path = AppDelegate.swift; sourceTree = "<group>"; };
		D98BC83929FAB575005D15C2 /* SceneDelegate.swift */ = {isa = PBXFileReference; lastKnownFileType = sourcecode.swift; path = SceneDelegate.swift; sourceTree = "<group>"; };
		D98BC83B29FAB575005D15C2 /* ViewController.swift */ = {isa = PBXFileReference; lastKnownFileType = sourcecode.swift; path = ViewController.swift; sourceTree = "<group>"; };
		D98BC83E29FAB575005D15C2 /* Base */ = {isa = PBXFileReference; lastKnownFileType = file.storyboard; name = Base; path = Base.lproj/Main.storyboard; sourceTree = "<group>"; };
		D98BC84129FAB575005D15C2 /* ios.xcdatamodel */ = {isa = PBXFileReference; lastKnownFileType = wrapper.xcdatamodel; path = ios.xcdatamodel; sourceTree = "<group>"; };
		D98BC84329FAB578005D15C2 /* Assets.xcassets */ = {isa = PBXFileReference; lastKnownFileType = folder.assetcatalog; path = Assets.xcassets; sourceTree = "<group>"; };
		D98BC84629FAB578005D15C2 /* Base */ = {isa = PBXFileReference; lastKnownFileType = file.storyboard; name = Base; path = Base.lproj/LaunchScreen.storyboard; sourceTree = "<group>"; };
		D98BC84829FAB578005D15C2 /* Info.plist */ = {isa = PBXFileReference; lastKnownFileType = text.plist.xml; path = Info.plist; sourceTree = "<group>"; };
		D98BC84D29FAB579005D15C2 /* iosTests.xctest */ = {isa = PBXFileReference; explicitFileType = wrapper.cfbundle; includeInIndex = 0; path = iosTests.xctest; sourceTree = BUILT_PRODUCTS_DIR; };
		D98BC85129FAB579005D15C2 /* iosTests.swift */ = {isa = PBXFileReference; lastKnownFileType = sourcecode.swift; path = iosTests.swift; sourceTree = "<group>"; };
		D98BC85729FAB579005D15C2 /* iosUITests.xctest */ = {isa = PBXFileReference; explicitFileType = wrapper.cfbundle; includeInIndex = 0; path = iosUITests.xctest; sourceTree = BUILT_PRODUCTS_DIR; };
		D98BC85B29FAB579005D15C2 /* iosUITests.swift */ = {isa = PBXFileReference; lastKnownFileType = sourcecode.swift; path = iosUITests.swift; sourceTree = "<group>"; };
		D98BC85D29FAB579005D15C2 /* iosUITestsLaunchTests.swift */ = {isa = PBXFileReference; lastKnownFileType = sourcecode.swift; path = iosUITestsLaunchTests.swift; sourceTree = "<group>"; };
		D98BC87329FAB767005D15C2 /* User.swift */ = {isa = PBXFileReference; lastKnownFileType = sourcecode.swift; path = User.swift; sourceTree = "<group>"; };
		D98BC87529FAB771005D15C2 /* Task.swift */ = {isa = PBXFileReference; lastKnownFileType = sourcecode.swift; path = Task.swift; sourceTree = "<group>"; };
		D98BC87929FB0F6D005D15C2 /* NetworkManager.swift */ = {isa = PBXFileReference; lastKnownFileType = sourcecode.swift; path = NetworkManager.swift; sourceTree = "<group>"; };
		D9A421EC2A015AE8002E1045 /* CoreDataManager.swift */ = {isa = PBXFileReference; lastKnownFileType = sourcecode.swift; path = CoreDataManager.swift; sourceTree = "<group>"; };
		D9BFD60029FC31F2006D28AF /* ErrorMessage.swift */ = {isa = PBXFileReference; lastKnownFileType = sourcecode.swift; path = ErrorMessage.swift; sourceTree = "<group>"; };
/* End PBXFileReference section */

/* Begin PBXFrameworksBuildPhase section */
		D98BC83129FAB575005D15C2 /* Frameworks */ = {
			isa = PBXFrameworksBuildPhase;
			buildActionMask = 2147483647;
			files = (
				D98BC87D29FB119D005D15C2 /* Alamofire in Frameworks */,
			);
			runOnlyForDeploymentPostprocessing = 0;
		};
		D98BC84A29FAB579005D15C2 /* Frameworks */ = {
			isa = PBXFrameworksBuildPhase;
			buildActionMask = 2147483647;
			files = (
			);
			runOnlyForDeploymentPostprocessing = 0;
		};
		D98BC85429FAB579005D15C2 /* Frameworks */ = {
			isa = PBXFrameworksBuildPhase;
			buildActionMask = 2147483647;
			files = (
			);
			runOnlyForDeploymentPostprocessing = 0;
		};
/* End PBXFrameworksBuildPhase section */

/* Begin PBXGroup section */
		D94EDA702A005893009D8486 /* CoreData */ = {
			isa = PBXGroup;
			children = (
				D94EDA6C2A005883009D8486 /* TaskItem+CoreDataClass.swift */,
				D94EDA6D2A005884009D8486 /* TaskItem+CoreDataProperties.swift */,
				D9A421EC2A015AE8002E1045 /* CoreDataManager.swift */,
			);
			path = CoreData;
			sourceTree = "<group>";
		};
		D98BC82B29FAB575005D15C2 = {
			isa = PBXGroup;
			children = (
				D98BC83629FAB575005D15C2 /* ios */,
				D98BC85029FAB579005D15C2 /* iosTests */,
				D98BC85A29FAB579005D15C2 /* iosUITests */,
				D98BC83529FAB575005D15C2 /* Products */,
			);
			sourceTree = "<group>";
		};
		D98BC83529FAB575005D15C2 /* Products */ = {
			isa = PBXGroup;
			children = (
				D98BC83429FAB575005D15C2 /* ios.app */,
				D98BC84D29FAB579005D15C2 /* iosTests.xctest */,
				D98BC85729FAB579005D15C2 /* iosUITests.xctest */,
			);
			name = Products;
			sourceTree = "<group>";
		};
		D98BC83629FAB575005D15C2 /* ios */ = {
			isa = PBXGroup;
			children = (
				D94EDA702A005893009D8486 /* CoreData */,
				D98BC87029FAB608005D15C2 /* NetworkService */,
				D98BC86F29FAB603005D15C2 /* View */,
				D98BC86E29FAB601005D15C2 /* ViewModel */,
				D98BC86D29FAB5FD005D15C2 /* Model */,
				D98BC86C29FAB5FB005D15C2 /* Support */,
				D98BC86B29FAB5F9005D15C2 /* Resources */,
				D98BC86A29FAB5F6005D15C2 /* App */,
			);
			path = ios;
			sourceTree = "<group>";
		};
		D98BC85029FAB579005D15C2 /* iosTests */ = {
			isa = PBXGroup;
			children = (
				D98BC85129FAB579005D15C2 /* iosTests.swift */,
			);
			path = iosTests;
			sourceTree = "<group>";
		};
		D98BC85A29FAB579005D15C2 /* iosUITests */ = {
			isa = PBXGroup;
			children = (
				D98BC85B29FAB579005D15C2 /* iosUITests.swift */,
				D98BC85D29FAB579005D15C2 /* iosUITestsLaunchTests.swift */,
			);
			path = iosUITests;
			sourceTree = "<group>";
		};
		D98BC86A29FAB5F6005D15C2 /* App */ = {
			isa = PBXGroup;
			children = (
				D98BC83729FAB575005D15C2 /* AppDelegate.swift */,
				D98BC83929FAB575005D15C2 /* SceneDelegate.swift */,
			);
			path = App;
			sourceTree = "<group>";
		};
		D98BC86B29FAB5F9005D15C2 /* Resources */ = {
			isa = PBXGroup;
			children = (
				D98BC84329FAB578005D15C2 /* Assets.xcassets */,
				D98BC84029FAB575005D15C2 /* ios.xcdatamodeld */,
				D98BC87129FAB6BE005D15C2 /* Base */,
			);
			path = Resources;
			sourceTree = "<group>";
		};
		D98BC86C29FAB5FB005D15C2 /* Support */ = {
			isa = PBXGroup;
			children = (
				D98BC84829FAB578005D15C2 /* Info.plist */,
			);
			path = Support;
			sourceTree = "<group>";
		};
		D98BC86D29FAB5FD005D15C2 /* Model */ = {
			isa = PBXGroup;
			children = (
				D98BC87329FAB767005D15C2 /* User.swift */,
				D98BC87529FAB771005D15C2 /* Task.swift */,
				D9BFD60029FC31F2006D28AF /* ErrorMessage.swift */,
			);
			path = Model;
			sourceTree = "<group>";
		};
		D98BC86E29FAB601005D15C2 /* ViewModel */ = {
			isa = PBXGroup;
			children = (
			);
			path = ViewModel;
			sourceTree = "<group>";
		};
		D98BC86F29FAB603005D15C2 /* View */ = {
			isa = PBXGroup;
			children = (
				D98BC87229FAB6DE005D15C2 /* Base */,
				D98BC83B29FAB575005D15C2 /* ViewController.swift */,
			);
			path = View;
			sourceTree = "<group>";
		};
		D98BC87029FAB608005D15C2 /* NetworkService */ = {
			isa = PBXGroup;
			children = (
				D98BC88029FC011E005D15C2 /* Core */,
				D98BC88129FC012B005D15C2 /* API */,
			);
			path = NetworkService;
			sourceTree = "<group>";
		};
		D98BC87129FAB6BE005D15C2 /* Base */ = {
			isa = PBXGroup;
			children = (
				D98BC84529FAB578005D15C2 /* LaunchScreen.storyboard */,
			);
			path = Base;
			sourceTree = "<group>";
		};
		D98BC87229FAB6DE005D15C2 /* Base */ = {
			isa = PBXGroup;
			children = (
				D98BC83D29FAB575005D15C2 /* Main.storyboard */,
			);
			path = Base;
			sourceTree = "<group>";
		};
		D98BC88029FC011E005D15C2 /* Core */ = {
			isa = PBXGroup;
			children = (
				D98BC87929FB0F6D005D15C2 /* NetworkManager.swift */,
				D94EDA6629FFF75D009D8486 /* NetworkUtility.swift */,
			);
			path = Core;
			sourceTree = "<group>";
		};
		D98BC88129FC012B005D15C2 /* API */ = {
			isa = PBXGroup;
			children = (
				D94EDA6829FFFE12009D8486 /* AuthService.swift */,
				D94EDA6A29FFFE40009D8486 /* TaskService.swift */,
			);
			path = API;
			sourceTree = "<group>";
		};
/* End PBXGroup section */

/* Begin PBXNativeTarget section */
		D98BC83329FAB575005D15C2 /* ios */ = {
			isa = PBXNativeTarget;
			buildConfigurationList = D98BC86129FAB579005D15C2 /* Build configuration list for PBXNativeTarget "ios" */;
			buildPhases = (
				D98BC83029FAB575005D15C2 /* Sources */,
				D98BC83129FAB575005D15C2 /* Frameworks */,
				D98BC83229FAB575005D15C2 /* Resources */,
			);
			buildRules = (
			);
			dependencies = (
			);
			name = ios;
			packageProductDependencies = (
				D98BC87C29FB119D005D15C2 /* Alamofire */,
			);
			productName = ios;
			productReference = D98BC83429FAB575005D15C2 /* ios.app */;
			productType = "com.apple.product-type.application";
		};
		D98BC84C29FAB579005D15C2 /* iosTests */ = {
			isa = PBXNativeTarget;
			buildConfigurationList = D98BC86429FAB579005D15C2 /* Build configuration list for PBXNativeTarget "iosTests" */;
			buildPhases = (
				D98BC84929FAB579005D15C2 /* Sources */,
				D98BC84A29FAB579005D15C2 /* Frameworks */,
				D98BC84B29FAB579005D15C2 /* Resources */,
			);
			buildRules = (
			);
			dependencies = (
				D98BC84F29FAB579005D15C2 /* PBXTargetDependency */,
			);
			name = iosTests;
			productName = iosTests;
			productReference = D98BC84D29FAB579005D15C2 /* iosTests.xctest */;
			productType = "com.apple.product-type.bundle.unit-test";
		};
		D98BC85629FAB579005D15C2 /* iosUITests */ = {
			isa = PBXNativeTarget;
			buildConfigurationList = D98BC86729FAB579005D15C2 /* Build configuration list for PBXNativeTarget "iosUITests" */;
			buildPhases = (
				D98BC85329FAB579005D15C2 /* Sources */,
				D98BC85429FAB579005D15C2 /* Frameworks */,
				D98BC85529FAB579005D15C2 /* Resources */,
			);
			buildRules = (
			);
			dependencies = (
				D98BC85929FAB579005D15C2 /* PBXTargetDependency */,
			);
			name = iosUITests;
			productName = iosUITests;
			productReference = D98BC85729FAB579005D15C2 /* iosUITests.xctest */;
			productType = "com.apple.product-type.bundle.ui-testing";
		};
/* End PBXNativeTarget section */

/* Begin PBXProject section */
		D98BC82C29FAB575005D15C2 /* Project object */ = {
			isa = PBXProject;
			attributes = {
				BuildIndependentTargetsInParallel = 1;
				LastSwiftUpdateCheck = 1420;
				LastUpgradeCheck = 1420;
				TargetAttributes = {
					D98BC83329FAB575005D15C2 = {
						CreatedOnToolsVersion = 14.2;
					};
					D98BC84C29FAB579005D15C2 = {
						CreatedOnToolsVersion = 14.2;
						TestTargetID = D98BC83329FAB575005D15C2;
					};
					D98BC85629FAB579005D15C2 = {
						CreatedOnToolsVersion = 14.2;
						TestTargetID = D98BC83329FAB575005D15C2;
					};
				};
			};
			buildConfigurationList = D98BC82F29FAB575005D15C2 /* Build configuration list for PBXProject "ios" */;
			compatibilityVersion = "Xcode 14.0";
			developmentRegion = en;
			hasScannedForEncodings = 0;
			knownRegions = (
				en,
				Base,
			);
			mainGroup = D98BC82B29FAB575005D15C2;
			packageReferences = (
				D98BC87B29FB119D005D15C2 /* XCRemoteSwiftPackageReference "Alamofire" */,
			);
			productRefGroup = D98BC83529FAB575005D15C2 /* Products */;
			projectDirPath = "";
			projectRoot = "";
			targets = (
				D98BC83329FAB575005D15C2 /* ios */,
				D98BC84C29FAB579005D15C2 /* iosTests */,
				D98BC85629FAB579005D15C2 /* iosUITests */,
			);
		};
/* End PBXProject section */

/* Begin PBXResourcesBuildPhase section */
		D98BC83229FAB575005D15C2 /* Resources */ = {
			isa = PBXResourcesBuildPhase;
			buildActionMask = 2147483647;
			files = (
				D98BC84729FAB578005D15C2 /* LaunchScreen.storyboard in Resources */,
				D98BC84429FAB578005D15C2 /* Assets.xcassets in Resources */,
				D98BC83F29FAB575005D15C2 /* Main.storyboard in Resources */,
			);
			runOnlyForDeploymentPostprocessing = 0;
		};
		D98BC84B29FAB579005D15C2 /* Resources */ = {
			isa = PBXResourcesBuildPhase;
			buildActionMask = 2147483647;
			files = (
			);
			runOnlyForDeploymentPostprocessing = 0;
		};
		D98BC85529FAB579005D15C2 /* Resources */ = {
			isa = PBXResourcesBuildPhase;
			buildActionMask = 2147483647;
			files = (
			);
			runOnlyForDeploymentPostprocessing = 0;
		};
/* End PBXResourcesBuildPhase section */

/* Begin PBXSourcesBuildPhase section */
		D98BC83029FAB575005D15C2 /* Sources */ = {
			isa = PBXSourcesBuildPhase;
			buildActionMask = 2147483647;
			files = (
				D98BC87429FAB767005D15C2 /* User.swift in Sources */,
				D98BC83C29FAB575005D15C2 /* ViewController.swift in Sources */,
				D9BFD60129FC31F2006D28AF /* ErrorMessage.swift in Sources */,
				D98BC83829FAB575005D15C2 /* AppDelegate.swift in Sources */,
				D94EDA6B29FFFE40009D8486 /* TaskService.swift in Sources */,
				D94EDA6E2A005884009D8486 /* TaskItem+CoreDataClass.swift in Sources */,
				D98BC87A29FB0F6D005D15C2 /* NetworkManager.swift in Sources */,
				D94EDA6929FFFE12009D8486 /* AuthService.swift in Sources */,
				D98BC87629FAB771005D15C2 /* Task.swift in Sources */,
				D94EDA6F2A005884009D8486 /* TaskItem+CoreDataProperties.swift in Sources */,
				D98BC83A29FAB575005D15C2 /* SceneDelegate.swift in Sources */,
				D94EDA6729FFF75D009D8486 /* NetworkUtility.swift in Sources */,
				D9A421ED2A015AE8002E1045 /* CoreDataManager.swift in Sources */,
				D98BC84229FAB575005D15C2 /* ios.xcdatamodeld in Sources */,
			);
			runOnlyForDeploymentPostprocessing = 0;
		};
		D98BC84929FAB579005D15C2 /* Sources */ = {
			isa = PBXSourcesBuildPhase;
			buildActionMask = 2147483647;
			files = (
				D98BC85229FAB579005D15C2 /* iosTests.swift in Sources */,
			);
			runOnlyForDeploymentPostprocessing = 0;
		};
		D98BC85329FAB579005D15C2 /* Sources */ = {
			isa = PBXSourcesBuildPhase;
			buildActionMask = 2147483647;
			files = (
				D98BC85E29FAB579005D15C2 /* iosUITestsLaunchTests.swift in Sources */,
				D98BC85C29FAB579005D15C2 /* iosUITests.swift in Sources */,
			);
			runOnlyForDeploymentPostprocessing = 0;
		};
/* End PBXSourcesBuildPhase section */

/* Begin PBXTargetDependency section */
		D98BC84F29FAB579005D15C2 /* PBXTargetDependency */ = {
			isa = PBXTargetDependency;
			target = D98BC83329FAB575005D15C2 /* ios */;
			targetProxy = D98BC84E29FAB579005D15C2 /* PBXContainerItemProxy */;
		};
		D98BC85929FAB579005D15C2 /* PBXTargetDependency */ = {
			isa = PBXTargetDependency;
			target = D98BC83329FAB575005D15C2 /* ios */;
			targetProxy = D98BC85829FAB579005D15C2 /* PBXContainerItemProxy */;
		};
/* End PBXTargetDependency section */

/* Begin PBXVariantGroup section */
		D98BC83D29FAB575005D15C2 /* Main.storyboard */ = {
			isa = PBXVariantGroup;
			children = (
				D98BC83E29FAB575005D15C2 /* Base */,
			);
			name = Main.storyboard;
			sourceTree = "<group>";
		};
		D98BC84529FAB578005D15C2 /* LaunchScreen.storyboard */ = {
			isa = PBXVariantGroup;
			children = (
				D98BC84629FAB578005D15C2 /* Base */,
			);
			name = LaunchScreen.storyboard;
			sourceTree = "<group>";
		};
/* End PBXVariantGroup section */

/* Begin XCBuildConfiguration section */
		D98BC85F29FAB579005D15C2 /* Debug */ = {
			isa = XCBuildConfiguration;
			buildSettings = {
				ALWAYS_SEARCH_USER_PATHS = NO;
				CLANG_ANALYZER_NONNULL = YES;
				CLANG_ANALYZER_NUMBER_OBJECT_CONVERSION = YES_AGGRESSIVE;
				CLANG_CXX_LANGUAGE_STANDARD = "gnu++20";
				CLANG_ENABLE_MODULES = YES;
				CLANG_ENABLE_OBJC_ARC = YES;
				CLANG_ENABLE_OBJC_WEAK = YES;
				CLANG_WARN_BLOCK_CAPTURE_AUTORELEASING = YES;
				CLANG_WARN_BOOL_CONVERSION = YES;
				CLANG_WARN_COMMA = YES;
				CLANG_WARN_CONSTANT_CONVERSION = YES;
				CLANG_WARN_DEPRECATED_OBJC_IMPLEMENTATIONS = YES;
				CLANG_WARN_DIRECT_OBJC_ISA_USAGE = YES_ERROR;
				CLANG_WARN_DOCUMENTATION_COMMENTS = YES;
				CLANG_WARN_EMPTY_BODY = YES;
				CLANG_WARN_ENUM_CONVERSION = YES;
				CLANG_WARN_INFINITE_RECURSION = YES;
				CLANG_WARN_INT_CONVERSION = YES;
				CLANG_WARN_NON_LITERAL_NULL_CONVERSION = YES;
				CLANG_WARN_OBJC_IMPLICIT_RETAIN_SELF = YES;
				CLANG_WARN_OBJC_LITERAL_CONVERSION = YES;
				CLANG_WARN_OBJC_ROOT_CLASS = YES_ERROR;
				CLANG_WARN_QUOTED_INCLUDE_IN_FRAMEWORK_HEADER = YES;
				CLANG_WARN_RANGE_LOOP_ANALYSIS = YES;
				CLANG_WARN_STRICT_PROTOTYPES = YES;
				CLANG_WARN_SUSPICIOUS_MOVE = YES;
				CLANG_WARN_UNGUARDED_AVAILABILITY = YES_AGGRESSIVE;
				CLANG_WARN_UNREACHABLE_CODE = YES;
				CLANG_WARN__DUPLICATE_METHOD_MATCH = YES;
				COPY_PHASE_STRIP = NO;
				DEBUG_INFORMATION_FORMAT = dwarf;
				ENABLE_STRICT_OBJC_MSGSEND = YES;
				ENABLE_TESTABILITY = YES;
				GCC_C_LANGUAGE_STANDARD = gnu11;
				GCC_DYNAMIC_NO_PIC = NO;
				GCC_NO_COMMON_BLOCKS = YES;
				GCC_OPTIMIZATION_LEVEL = 0;
				GCC_PREPROCESSOR_DEFINITIONS = (
					"DEBUG=1",
					"$(inherited)",
				);
				GCC_WARN_64_TO_32_BIT_CONVERSION = YES;
				GCC_WARN_ABOUT_RETURN_TYPE = YES_ERROR;
				GCC_WARN_UNDECLARED_SELECTOR = YES;
				GCC_WARN_UNINITIALIZED_AUTOS = YES_AGGRESSIVE;
				GCC_WARN_UNUSED_FUNCTION = YES;
				GCC_WARN_UNUSED_VARIABLE = YES;
				IPHONEOS_DEPLOYMENT_TARGET = 16.2;
				MTL_ENABLE_DEBUG_INFO = INCLUDE_SOURCE;
				MTL_FAST_MATH = YES;
				ONLY_ACTIVE_ARCH = YES;
				SDKROOT = iphoneos;
				SWIFT_ACTIVE_COMPILATION_CONDITIONS = DEBUG;
				SWIFT_OPTIMIZATION_LEVEL = "-Onone";
			};
			name = Debug;
		};
		D98BC86029FAB579005D15C2 /* Release */ = {
			isa = XCBuildConfiguration;
			buildSettings = {
				ALWAYS_SEARCH_USER_PATHS = NO;
				CLANG_ANALYZER_NONNULL = YES;
				CLANG_ANALYZER_NUMBER_OBJECT_CONVERSION = YES_AGGRESSIVE;
				CLANG_CXX_LANGUAGE_STANDARD = "gnu++20";
				CLANG_ENABLE_MODULES = YES;
				CLANG_ENABLE_OBJC_ARC = YES;
				CLANG_ENABLE_OBJC_WEAK = YES;
				CLANG_WARN_BLOCK_CAPTURE_AUTORELEASING = YES;
				CLANG_WARN_BOOL_CONVERSION = YES;
				CLANG_WARN_COMMA = YES;
				CLANG_WARN_CONSTANT_CONVERSION = YES;
				CLANG_WARN_DEPRECATED_OBJC_IMPLEMENTATIONS = YES;
				CLANG_WARN_DIRECT_OBJC_ISA_USAGE = YES_ERROR;
				CLANG_WARN_DOCUMENTATION_COMMENTS = YES;
				CLANG_WARN_EMPTY_BODY = YES;
				CLANG_WARN_ENUM_CONVERSION = YES;
				CLANG_WARN_INFINITE_RECURSION = YES;
				CLANG_WARN_INT_CONVERSION = YES;
				CLANG_WARN_NON_LITERAL_NULL_CONVERSION = YES;
				CLANG_WARN_OBJC_IMPLICIT_RETAIN_SELF = YES;
				CLANG_WARN_OBJC_LITERAL_CONVERSION = YES;
				CLANG_WARN_OBJC_ROOT_CLASS = YES_ERROR;
				CLANG_WARN_QUOTED_INCLUDE_IN_FRAMEWORK_HEADER = YES;
				CLANG_WARN_RANGE_LOOP_ANALYSIS = YES;
				CLANG_WARN_STRICT_PROTOTYPES = YES;
				CLANG_WARN_SUSPICIOUS_MOVE = YES;
				CLANG_WARN_UNGUARDED_AVAILABILITY = YES_AGGRESSIVE;
				CLANG_WARN_UNREACHABLE_CODE = YES;
				CLANG_WARN__DUPLICATE_METHOD_MATCH = YES;
				COPY_PHASE_STRIP = NO;
				DEBUG_INFORMATION_FORMAT = "dwarf-with-dsym";
				ENABLE_NS_ASSERTIONS = NO;
				ENABLE_STRICT_OBJC_MSGSEND = YES;
				GCC_C_LANGUAGE_STANDARD = gnu11;
				GCC_NO_COMMON_BLOCKS = YES;
				GCC_WARN_64_TO_32_BIT_CONVERSION = YES;
				GCC_WARN_ABOUT_RETURN_TYPE = YES_ERROR;
				GCC_WARN_UNDECLARED_SELECTOR = YES;
				GCC_WARN_UNINITIALIZED_AUTOS = YES_AGGRESSIVE;
				GCC_WARN_UNUSED_FUNCTION = YES;
				GCC_WARN_UNUSED_VARIABLE = YES;
				IPHONEOS_DEPLOYMENT_TARGET = 16.2;
				MTL_ENABLE_DEBUG_INFO = NO;
				MTL_FAST_MATH = YES;
				SDKROOT = iphoneos;
				SWIFT_COMPILATION_MODE = wholemodule;
				SWIFT_OPTIMIZATION_LEVEL = "-O";
				VALIDATE_PRODUCT = YES;
			};
			name = Release;
		};
		D98BC86229FAB579005D15C2 /* Debug */ = {
			isa = XCBuildConfiguration;
			buildSettings = {
				ASSETCATALOG_COMPILER_APPICON_NAME = AppIcon;
				ASSETCATALOG_COMPILER_GLOBAL_ACCENT_COLOR_NAME = AccentColor;
				CODE_SIGN_STYLE = Automatic;
				CURRENT_PROJECT_VERSION = 1;
				DEVELOPMENT_TEAM = G639H868D6;
				GENERATE_INFOPLIST_FILE = YES;
				INFOPLIST_FILE = ios/Support/Info.plist;
				INFOPLIST_KEY_UIApplicationSupportsIndirectInputEvents = YES;
				INFOPLIST_KEY_UILaunchStoryboardName = LaunchScreen;
				INFOPLIST_KEY_UIMainStoryboardFile = Main;
				INFOPLIST_KEY_UISupportedInterfaceOrientations_iPad = "UIInterfaceOrientationPortrait UIInterfaceOrientationPortraitUpsideDown UIInterfaceOrientationLandscapeLeft UIInterfaceOrientationLandscapeRight";
				INFOPLIST_KEY_UISupportedInterfaceOrientations_iPhone = "UIInterfaceOrientationPortrait UIInterfaceOrientationLandscapeLeft UIInterfaceOrientationLandscapeRight";
				IPHONEOS_DEPLOYMENT_TARGET = 13.0;
				LD_RUNPATH_SEARCH_PATHS = (
					"$(inherited)",
					"@executable_path/Frameworks",
				);
				MARKETING_VERSION = 1.0;
				PRODUCT_BUNDLE_IDENTIFIER = com.ismailtever.ios;
				PRODUCT_NAME = "$(TARGET_NAME)";
				SWIFT_EMIT_LOC_STRINGS = YES;
				SWIFT_VERSION = 5.0;
				TARGETED_DEVICE_FAMILY = "1,2";
			};
			name = Debug;
		};
		D98BC86329FAB579005D15C2 /* Release */ = {
			isa = XCBuildConfiguration;
			buildSettings = {
				ASSETCATALOG_COMPILER_APPICON_NAME = AppIcon;
				ASSETCATALOG_COMPILER_GLOBAL_ACCENT_COLOR_NAME = AccentColor;
				CODE_SIGN_STYLE = Automatic;
				CURRENT_PROJECT_VERSION = 1;
				DEVELOPMENT_TEAM = G639H868D6;
				GENERATE_INFOPLIST_FILE = YES;
				INFOPLIST_FILE = ios/Support/Info.plist;
				INFOPLIST_KEY_UIApplicationSupportsIndirectInputEvents = YES;
				INFOPLIST_KEY_UILaunchStoryboardName = LaunchScreen;
				INFOPLIST_KEY_UIMainStoryboardFile = Main;
				INFOPLIST_KEY_UISupportedInterfaceOrientations_iPad = "UIInterfaceOrientationPortrait UIInterfaceOrientationPortraitUpsideDown UIInterfaceOrientationLandscapeLeft UIInterfaceOrientationLandscapeRight";
				INFOPLIST_KEY_UISupportedInterfaceOrientations_iPhone = "UIInterfaceOrientationPortrait UIInterfaceOrientationLandscapeLeft UIInterfaceOrientationLandscapeRight";
				IPHONEOS_DEPLOYMENT_TARGET = 13.0;
				LD_RUNPATH_SEARCH_PATHS = (
					"$(inherited)",
					"@executable_path/Frameworks",
				);
				MARKETING_VERSION = 1.0;
				PRODUCT_BUNDLE_IDENTIFIER = com.ismailtever.ios;
				PRODUCT_NAME = "$(TARGET_NAME)";
				SWIFT_EMIT_LOC_STRINGS = YES;
				SWIFT_VERSION = 5.0;
				TARGETED_DEVICE_FAMILY = "1,2";
			};
			name = Release;
		};
		D98BC86529FAB579005D15C2 /* Debug */ = {
			isa = XCBuildConfiguration;
			buildSettings = {
				ALWAYS_EMBED_SWIFT_STANDARD_LIBRARIES = YES;
				BUNDLE_LOADER = "$(TEST_HOST)";
				CODE_SIGN_STYLE = Automatic;
				CURRENT_PROJECT_VERSION = 1;
				DEVELOPMENT_TEAM = G639H868D6;
				GENERATE_INFOPLIST_FILE = YES;
				IPHONEOS_DEPLOYMENT_TARGET = 16.2;
				MARKETING_VERSION = 1.0;
				PRODUCT_BUNDLE_IDENTIFIER = com.ismailtever.iosTests;
				PRODUCT_NAME = "$(TARGET_NAME)";
				SWIFT_EMIT_LOC_STRINGS = NO;
				SWIFT_VERSION = 5.0;
				TARGETED_DEVICE_FAMILY = "1,2";
				TEST_HOST = "$(BUILT_PRODUCTS_DIR)/ios.app/$(BUNDLE_EXECUTABLE_FOLDER_PATH)/ios";
			};
			name = Debug;
		};
		D98BC86629FAB579005D15C2 /* Release */ = {
			isa = XCBuildConfiguration;
			buildSettings = {
				ALWAYS_EMBED_SWIFT_STANDARD_LIBRARIES = YES;
				BUNDLE_LOADER = "$(TEST_HOST)";
				CODE_SIGN_STYLE = Automatic;
				CURRENT_PROJECT_VERSION = 1;
				DEVELOPMENT_TEAM = G639H868D6;
				GENERATE_INFOPLIST_FILE = YES;
				IPHONEOS_DEPLOYMENT_TARGET = 16.2;
				MARKETING_VERSION = 1.0;
				PRODUCT_BUNDLE_IDENTIFIER = com.ismailtever.iosTests;
				PRODUCT_NAME = "$(TARGET_NAME)";
				SWIFT_EMIT_LOC_STRINGS = NO;
				SWIFT_VERSION = 5.0;
				TARGETED_DEVICE_FAMILY = "1,2";
				TEST_HOST = "$(BUILT_PRODUCTS_DIR)/ios.app/$(BUNDLE_EXECUTABLE_FOLDER_PATH)/ios";
			};
			name = Release;
		};
		D98BC86829FAB579005D15C2 /* Debug */ = {
			isa = XCBuildConfiguration;
			buildSettings = {
				ALWAYS_EMBED_SWIFT_STANDARD_LIBRARIES = YES;
				CODE_SIGN_STYLE = Automatic;
				CURRENT_PROJECT_VERSION = 1;
				DEVELOPMENT_TEAM = G639H868D6;
				GENERATE_INFOPLIST_FILE = YES;
				MARKETING_VERSION = 1.0;
				PRODUCT_BUNDLE_IDENTIFIER = com.ismailtever.iosUITests;
				PRODUCT_NAME = "$(TARGET_NAME)";
				SWIFT_EMIT_LOC_STRINGS = NO;
				SWIFT_VERSION = 5.0;
				TARGETED_DEVICE_FAMILY = "1,2";
				TEST_TARGET_NAME = ios;
			};
			name = Debug;
		};
		D98BC86929FAB579005D15C2 /* Release */ = {
			isa = XCBuildConfiguration;
			buildSettings = {
				ALWAYS_EMBED_SWIFT_STANDARD_LIBRARIES = YES;
				CODE_SIGN_STYLE = Automatic;
				CURRENT_PROJECT_VERSION = 1;
				DEVELOPMENT_TEAM = G639H868D6;
				GENERATE_INFOPLIST_FILE = YES;
				MARKETING_VERSION = 1.0;
				PRODUCT_BUNDLE_IDENTIFIER = com.ismailtever.iosUITests;
				PRODUCT_NAME = "$(TARGET_NAME)";
				SWIFT_EMIT_LOC_STRINGS = NO;
				SWIFT_VERSION = 5.0;
				TARGETED_DEVICE_FAMILY = "1,2";
				TEST_TARGET_NAME = ios;
			};
			name = Release;
		};
/* End XCBuildConfiguration section */

/* Begin XCConfigurationList section */
		D98BC82F29FAB575005D15C2 /* Build configuration list for PBXProject "ios" */ = {
			isa = XCConfigurationList;
			buildConfigurations = (
				D98BC85F29FAB579005D15C2 /* Debug */,
				D98BC86029FAB579005D15C2 /* Release */,
			);
			defaultConfigurationIsVisible = 0;
			defaultConfigurationName = Release;
		};
		D98BC86129FAB579005D15C2 /* Build configuration list for PBXNativeTarget "ios" */ = {
			isa = XCConfigurationList;
			buildConfigurations = (
				D98BC86229FAB579005D15C2 /* Debug */,
				D98BC86329FAB579005D15C2 /* Release */,
			);
			defaultConfigurationIsVisible = 0;
			defaultConfigurationName = Release;
		};
		D98BC86429FAB579005D15C2 /* Build configuration list for PBXNativeTarget "iosTests" */ = {
			isa = XCConfigurationList;
			buildConfigurations = (
				D98BC86529FAB579005D15C2 /* Debug */,
				D98BC86629FAB579005D15C2 /* Release */,
			);
			defaultConfigurationIsVisible = 0;
			defaultConfigurationName = Release;
		};
		D98BC86729FAB579005D15C2 /* Build configuration list for PBXNativeTarget "iosUITests" */ = {
			isa = XCConfigurationList;
			buildConfigurations = (
				D98BC86829FAB579005D15C2 /* Debug */,
				D98BC86929FAB579005D15C2 /* Release */,
			);
			defaultConfigurationIsVisible = 0;
			defaultConfigurationName = Release;
		};
/* End XCConfigurationList section */

/* Begin XCRemoteSwiftPackageReference section */
		D98BC87B29FB119D005D15C2 /* XCRemoteSwiftPackageReference "Alamofire" */ = {
			isa = XCRemoteSwiftPackageReference;
			repositoryURL = "https://github.com/Alamofire/Alamofire.git";
			requirement = {
				kind = upToNextMajorVersion;
				minimumVersion = 5.6.1;
			};
		};
/* End XCRemoteSwiftPackageReference section */

/* Begin XCSwiftPackageProductDependency section */
		D98BC87C29FB119D005D15C2 /* Alamofire */ = {
			isa = XCSwiftPackageProductDependency;
			package = D98BC87B29FB119D005D15C2 /* XCRemoteSwiftPackageReference "Alamofire" */;
			productName = Alamofire;
		};
/* End XCSwiftPackageProductDependency section */

/* Begin XCVersionGroup section */
		D98BC84029FAB575005D15C2 /* ios.xcdatamodeld */ = {
			isa = XCVersionGroup;
			children = (
				D98BC84129FAB575005D15C2 /* ios.xcdatamodel */,
			);
			currentVersion = D98BC84129FAB575005D15C2 /* ios.xcdatamodel */;
			path = ios.xcdatamodeld;
			sourceTree = "<group>";
			versionGroupType = wrapper.xcdatamodel;
		};
/* End XCVersionGroup section */
	};
	rootObject = D98BC82C29FAB575005D15C2 /* Project object */;
}
